
Microsoft Visual Studio Solution File, Format Version 12.00
Project("{FAE04EC0-301F-11D3-BF4B-00C04F79EFBC}") = "WebApi", "WebApi\WebApi.csproj", "{F13342FC-45FE-4682-A42F-076E3737C296}"
EndProject
Global
	GlobalSection(SolutionConfigurationPlatforms) = preSolution
		Debug|Any CPU = Debug|Any CPU
		Release|Any CPU = Release|Any CPU
	EndGlobalSection
	GlobalSection(ProjectConfigurationPlatforms) = postSolution
		{F13342FC-45FE-4682-A42F-076E3737C296}.Debug|Any CPU.ActiveCfg = Debug|Any CPU
		{F13342FC-45FE-4682-A42F-076E3737C296}.Debug|Any CPU.Build.0 = Debug|Any CPU
		{F13342FC-45FE-4682-A42F-076E3737C296}.Release|Any CPU.ActiveCfg = Release|Any CPU
		{F13342FC-45FE-4682-A42F-076E3737C296}.Release|Any CPU.Build.0 = Release|Any CPU
	EndGlobalSection
EndGlobal
